
Microsoft Visual Studio Solution File, Format Version 10.00
# Visual Studio 2008
Project("{FAE04EC0-301F-11D3-BF4B-00C04F79EFBC}") = "RatioCounter", "RatioCounter\RatioCounter.csproj", "{432D70AD-3DC6-40B6-A249-E7FAD7FE2CB9}"
EndProject
Global
	GlobalSection(SolutionConfigurationPlatforms) = preSolution
		Debug|Any CPU = Debug|Any CPU
		Release|Any CPU = Release|Any CPU
	EndGlobalSection
	GlobalSection(ProjectConfigurationPlatforms) = postSolution
		{432D70AD-3DC6-40B6-A249-E7FAD7FE2CB9}.Debug|Any CPU.ActiveCfg = Debug|Any CPU
		{432D70AD-3DC6-40B6-A249-E7FAD7FE2CB9}.Debug|Any CPU.Build.0 = Debug|Any CPU
		{432D70AD-3DC6-40B6-A249-E7FAD7FE2CB9}.Release|Any CPU.ActiveCfg = Release|Any CPU
		{432D70AD-3DC6-40B6-A249-E7FAD7FE2CB9}.Release|Any CPU.Build.0 = Release|Any CPU
	EndGlobalSection
	GlobalSection(SolutionProperties) = preSolution
		HideSolutionNode = FALSE
	EndGlobalSection
EndGlobal
